
Microsoft Visual Studio Solution File, Format Version 12.00
# Visual Studio Version 17
VisualStudioVersion = 17.1.31903.286
MinimumVisualStudioVersion = 10.0.40219.1
Project("{FAE04EC0-301F-11D3-BF4B-00C04F79EFBC}") = "ConsoleApp2", "ConsoleApp2\ConsoleApp2.csproj", "{38E166CD-9BF8-4016-849A-573EFBD1C8A4}"
EndProject
Global
	GlobalSection(SolutionConfigurationPlatforms) = preSolution
		Debug|Any CPU = Debug|Any CPU
		Release|Any CPU = Release|Any CPU
	EndGlobalSection
	GlobalSection(ProjectConfigurationPlatforms) = postSolution
		{38E166CD-9BF8-4016-849A-573EFBD1C8A4}.Debug|Any CPU.ActiveCfg = Debug|Any CPU
		{38E166CD-9BF8-4016-849A-573EFBD1C8A4}.Debug|Any CPU.Build.0 = Debug|Any CPU
		{38E166CD-9BF8-4016-849A-573EFBD1C8A4}.Release|Any CPU.ActiveCfg = Release|Any CPU
		{38E166CD-9BF8-4016-849A-573EFBD1C8A4}.Release|Any CPU.Build.0 = Release|Any CPU
	EndGlobalSection
	GlobalSection(SolutionProperties) = preSolution
		HideSolutionNode = FALSE
	EndGlobalSection
	GlobalSection(ExtensibilityGlobals) = postSolution
		SolutionGuid = {5EB6CE75-DA3E-4178-876E-18A9FABAC460}
	EndGlobalSection
EndGlobal
