
Microsoft Visual Studio Solution File, Format Version 12.00
# Visual Studio Version 17
VisualStudioVersion = 17.1.31903.286
MinimumVisualStudioVersion = 10.0.40219.1
Project("{FAE04EC0-301F-11D3-BF4B-00C04F79EFBC}") = "GC_Cirrrr", "GC_Cirrrr\GC_Cirrrr.csproj", "{1445FA33-C624-4D82-8F9B-3C77DC14B779}"
EndProject
Global
	GlobalSection(SolutionConfigurationPlatforms) = preSolution
		Debug|Any CPU = Debug|Any CPU
		Release|Any CPU = Release|Any CPU
	EndGlobalSection
	GlobalSection(ProjectConfigurationPlatforms) = postSolution
		{1445FA33-C624-4D82-8F9B-3C77DC14B779}.Debug|Any CPU.ActiveCfg = Debug|Any CPU
		{1445FA33-C624-4D82-8F9B-3C77DC14B779}.Debug|Any CPU.Build.0 = Debug|Any CPU
		{1445FA33-C624-4D82-8F9B-3C77DC14B779}.Release|Any CPU.ActiveCfg = Release|Any CPU
		{1445FA33-C624-4D82-8F9B-3C77DC14B779}.Release|Any CPU.Build.0 = Release|Any CPU
	EndGlobalSection
	GlobalSection(SolutionProperties) = preSolution
		HideSolutionNode = FALSE
	EndGlobalSection
	GlobalSection(ExtensibilityGlobals) = postSolution
		SolutionGuid = {DFC86510-F6AC-4C07-AAE0-04C91DE06788}
	EndGlobalSection
EndGlobal
