
Microsoft Visual Studio Solution File, Format Version 12.00
# Visual Studio Version 17
VisualStudioVersion = 17.1.31911.260
MinimumVisualStudioVersion = 10.0.40219.1
Project("{FAE04EC0-301F-11D3-BF4B-00C04F79EFBC}") = "HalloAsync_WPF", "HalloAsync_WPF\HalloAsync_WPF.csproj", "{61581477-6BDA-4331-A694-8E85623A5BE1}"
EndProject
Global
	GlobalSection(SolutionConfigurationPlatforms) = preSolution
		Debug|Any CPU = Debug|Any CPU
		Release|Any CPU = Release|Any CPU
	EndGlobalSection
	GlobalSection(ProjectConfigurationPlatforms) = postSolution
		{61581477-6BDA-4331-A694-8E85623A5BE1}.Debug|Any CPU.ActiveCfg = Debug|Any CPU
		{61581477-6BDA-4331-A694-8E85623A5BE1}.Debug|Any CPU.Build.0 = Debug|Any CPU
		{61581477-6BDA-4331-A694-8E85623A5BE1}.Release|Any CPU.ActiveCfg = Release|Any CPU
		{61581477-6BDA-4331-A694-8E85623A5BE1}.Release|Any CPU.Build.0 = Release|Any CPU
	EndGlobalSection
	GlobalSection(SolutionProperties) = preSolution
		HideSolutionNode = FALSE
	EndGlobalSection
	GlobalSection(ExtensibilityGlobals) = postSolution
		SolutionGuid = {6B5496DE-B310-4DF4-BFE5-40BA4616C572}
	EndGlobalSection
EndGlobal
