
Microsoft Visual Studio Solution File, Format Version 12.00
# Visual Studio Version 17
VisualStudioVersion = 17.1.31903.286
MinimumVisualStudioVersion = 10.0.40219.1
Project("{FAE04EC0-301F-11D3-BF4B-00C04F79EFBC}") = "WpfApp1", "WpfApp1\WpfApp1.csproj", "{1B3DBFCE-70AD-4926-9262-959C7E3BF64E}"
EndProject
Global
	GlobalSection(SolutionConfigurationPlatforms) = preSolution
		Debug|Any CPU = Debug|Any CPU
		Release|Any CPU = Release|Any CPU
	EndGlobalSection
	GlobalSection(ProjectConfigurationPlatforms) = postSolution
		{1B3DBFCE-70AD-4926-9262-959C7E3BF64E}.Debug|Any CPU.ActiveCfg = Debug|Any CPU
		{1B3DBFCE-70AD-4926-9262-959C7E3BF64E}.Debug|Any CPU.Build.0 = Debug|Any CPU
		{1B3DBFCE-70AD-4926-9262-959C7E3BF64E}.Release|Any CPU.ActiveCfg = Release|Any CPU
		{1B3DBFCE-70AD-4926-9262-959C7E3BF64E}.Release|Any CPU.Build.0 = Release|Any CPU
	EndGlobalSection
	GlobalSection(SolutionProperties) = preSolution
		HideSolutionNode = FALSE
	EndGlobalSection
	GlobalSection(ExtensibilityGlobals) = postSolution
		SolutionGuid = {5C2FCFE5-FF6D-40E0-BE1B-F24A6985D338}
	EndGlobalSection
EndGlobal
